PODS:
  - Flutter (1.0.0)
  - wifi_connection (0.0.2):
    - Flutter

DEPENDENCIES:
  - Flutter (from `Flutter`)
  - wifi_connection (from `.symlinks/plugins/wifi_connection/ios`)

EXTERNAL SOURCES:
  Flutter:
    :path: Flutter
  wifi_connection:
    :path: ".symlinks/plugins/wifi_connection/ios"

SPEC CHECKSUMS:
  Flutter: 434fef37c0980e73bb6479ef766c45957d4b510c
  wifi_connection: cbd6d42bbd0cb9302ea325efe5bd3945576266cc

PODFILE CHECKSUM: aafe91acc616949ddb318b77800a7f51bffa2a4c

COCOAPODS: 1.10.0
